
Microsoft Visual Studio Solution File, Format Version 12.00
# Visual Studio Version 16
VisualStudioVersion = 16.0.30804.86
MinimumVisualStudioVersion = 10.0.40219.1
Project("{2150E333-8FDC-42A3-9474-1A3956D46DE8}") = "src", "src", "{1EBFA15E-F995-40D9-AEF9-28113F2E5DA2}"
EndProject
Project("{2150E333-8FDC-42A3-9474-1A3956D46DE8}") = "api", "api", "{3D99D2FD-9F2B-4206-AF0E-0D5B128F29FA}"
EndProject
Project("{2150E333-8FDC-42A3-9474-1A3956D46DE8}") = "ui", "ui", "{08E48531-3D24-44B4-89A2-4EDF8BE26518}"
EndProject
Project("{FAE04EC0-301F-11D3-BF4B-00C04F79EFBC}") = "Tracket.Api", "Tracket.Api\Tracket.Api.csproj", "{91900C7F-7554-4FD7-B08E-47EA605DDB5E}"
EndProject
Project("{2150E333-8FDC-42A3-9474-1A3956D46DE8}") = "Infrastructure", "Infrastructure", "{C7ED1908-5A1E-41A6-9EAB-CD69704194DC}"
EndProject
Project("{FAE04EC0-301F-11D3-BF4B-00C04F79EFBC}") = "Tracket.Data", "Tracket.Data\Tracket.Data.csproj", "{EB6A3C77-AD13-41BE-91E2-3387740B3B46}"
EndProject
Project("{FAE04EC0-301F-11D3-BF4B-00C04F79EFBC}") = "Tracket.Entities", "Tracket.Entities\Tracket.Entities.csproj", "{AD97FBD5-4D87-4892-BD7C-C3819A638D74}"
EndProject
Project("{FAE04EC0-301F-11D3-BF4B-00C04F79EFBC}") = "Tracket.Business", "Tracket.Business\Tracket.Business.csproj", "{E1814EDD-58EE-4C05-BEE3-26B361EC9D78}"
EndProject
Project("{FAE04EC0-301F-11D3-BF4B-00C04F79EFBC}") = "Tracket.Core", "Tracket.Core\Tracket.Core.csproj", "{04FCD13A-A86E-4A74-AF40-43C1378B52FC}"
EndProject
Project("{FAE04EC0-301F-11D3-BF4B-00C04F79EFBC}") = "Tracket.Infrastructure.Identity", "Tracket.Infrastructure.Identity\Tracket.Infrastructure.Identity.csproj", "{CA0E832F-0655-4691-9457-5FC77A9A6C50}"
EndProject
Project("{FAE04EC0-301F-11D3-BF4B-00C04F79EFBC}") = "Tracket.Contracts", "Tracket.Contracts\Tracket.Contracts.csproj", "{2EB46B58-F012-4048-A648-561E644E6A3B}"
EndProject
Global
	GlobalSection(SolutionConfigurationPlatforms) = preSolution
		Debug|Any CPU = Debug|Any CPU
		Release|Any CPU = Release|Any CPU
	EndGlobalSection
	GlobalSection(ProjectConfigurationPlatforms) = postSolution
		{91900C7F-7554-4FD7-B08E-47EA605DDB5E}.Debug|Any CPU.ActiveCfg = Debug|Any CPU
		{91900C7F-7554-4FD7-B08E-47EA605DDB5E}.Debug|Any CPU.Build.0 = Debug|Any CPU
		{91900C7F-7554-4FD7-B08E-47EA605DDB5E}.Release|Any CPU.ActiveCfg = Release|Any CPU
		{91900C7F-7554-4FD7-B08E-47EA605DDB5E}.Release|Any CPU.Build.0 = Release|Any CPU
		{EB6A3C77-AD13-41BE-91E2-3387740B3B46}.Debug|Any CPU.ActiveCfg = Debug|Any CPU
		{EB6A3C77-AD13-41BE-91E2-3387740B3B46}.Debug|Any CPU.Build.0 = Debug|Any CPU
		{EB6A3C77-AD13-41BE-91E2-3387740B3B46}.Release|Any CPU.ActiveCfg = Release|Any CPU
		{EB6A3C77-AD13-41BE-91E2-3387740B3B46}.Release|Any CPU.Build.0 = Release|Any CPU
		{AD97FBD5-4D87-4892-BD7C-C3819A638D74}.Debug|Any CPU.ActiveCfg = Debug|Any CPU
		{AD97FBD5-4D87-4892-BD7C-C3819A638D74}.Debug|Any CPU.Build.0 = Debug|Any CPU
		{AD97FBD5-4D87-4892-BD7C-C3819A638D74}.Release|Any CPU.ActiveCfg = Release|Any CPU
		{AD97FBD5-4D87-4892-BD7C-C3819A638D74}.Release|Any CPU.Build.0 = Release|Any CPU
		{E1814EDD-58EE-4C05-BEE3-26B361EC9D78}.Debug|Any CPU.ActiveCfg = Debug|Any CPU
		{E1814EDD-58EE-4C05-BEE3-26B361EC9D78}.Debug|Any CPU.Build.0 = Debug|Any CPU
		{E1814EDD-58EE-4C05-BEE3-26B361EC9D78}.Release|Any CPU.ActiveCfg = Release|Any CPU
		{E1814EDD-58EE-4C05-BEE3-26B361EC9D78}.Release|Any CPU.Build.0 = Release|Any CPU
		{04FCD13A-A86E-4A74-AF40-43C1378B52FC}.Debug|Any CPU.ActiveCfg = Debug|Any CPU
		{04FCD13A-A86E-4A74-AF40-43C1378B52FC}.Debug|Any CPU.Build.0 = Debug|Any CPU
		{04FCD13A-A86E-4A74-AF40-43C1378B52FC}.Release|Any CPU.ActiveCfg = Release|Any CPU
		{04FCD13A-A86E-4A74-AF40-43C1378B52FC}.Release|Any CPU.Build.0 = Release|Any CPU
		{CA0E832F-0655-4691-9457-5FC77A9A6C50}.Debug|Any CPU.ActiveCfg = Debug|Any CPU
		{CA0E832F-0655-4691-9457-5FC77A9A6C50}.Debug|Any CPU.Build.0 = Debug|Any CPU
		{CA0E832F-0655-4691-9457-5FC77A9A6C50}.Release|Any CPU.ActiveCfg = Release|Any CPU
		{CA0E832F-0655-4691-9457-5FC77A9A6C50}.Release|Any CPU.Build.0 = Release|Any CPU
		{2EB46B58-F012-4048-A648-561E644E6A3B}.Debug|Any CPU.ActiveCfg = Debug|Any CPU
		{2EB46B58-F012-4048-A648-561E644E6A3B}.Debug|Any CPU.Build.0 = Debug|Any CPU
		{2EB46B58-F012-4048-A648-561E644E6A3B}.Release|Any CPU.ActiveCfg = Release|Any CPU
		{2EB46B58-F012-4048-A648-561E644E6A3B}.Release|Any CPU.Build.0 = Release|Any CPU
	EndGlobalSection
	GlobalSection(SolutionProperties) = preSolution
		HideSolutionNode = FALSE
	EndGlobalSection
	GlobalSection(NestedProjects) = preSolution
		{3D99D2FD-9F2B-4206-AF0E-0D5B128F29FA} = {1EBFA15E-F995-40D9-AEF9-28113F2E5DA2}
		{08E48531-3D24-44B4-89A2-4EDF8BE26518} = {1EBFA15E-F995-40D9-AEF9-28113F2E5DA2}
		{91900C7F-7554-4FD7-B08E-47EA605DDB5E} = {3D99D2FD-9F2B-4206-AF0E-0D5B128F29FA}
		{C7ED1908-5A1E-41A6-9EAB-CD69704194DC} = {3D99D2FD-9F2B-4206-AF0E-0D5B128F29FA}
		{EB6A3C77-AD13-41BE-91E2-3387740B3B46} = {3D99D2FD-9F2B-4206-AF0E-0D5B128F29FA}
		{AD97FBD5-4D87-4892-BD7C-C3819A638D74} = {3D99D2FD-9F2B-4206-AF0E-0D5B128F29FA}
		{E1814EDD-58EE-4C05-BEE3-26B361EC9D78} = {3D99D2FD-9F2B-4206-AF0E-0D5B128F29FA}
		{04FCD13A-A86E-4A74-AF40-43C1378B52FC} = {3D99D2FD-9F2B-4206-AF0E-0D5B128F29FA}
		{CA0E832F-0655-4691-9457-5FC77A9A6C50} = {C7ED1908-5A1E-41A6-9EAB-CD69704194DC}
		{2EB46B58-F012-4048-A648-561E644E6A3B} = {3D99D2FD-9F2B-4206-AF0E-0D5B128F29FA}
	EndGlobalSection
	GlobalSection(ExtensibilityGlobals) = postSolution
		SolutionGuid = {B5AF7D5C-29BE-4455-9B0F-281F80430C95}
	EndGlobalSection
EndGlobal
